
Microsoft Visual Studio Solution File, Format Version 12.00
# Visual Studio 15
VisualStudioVersion = 15.0.28307.168
MinimumVisualStudioVersion = 10.0.40219.1
Project("{FAE04EC0-301F-11D3-BF4B-00C04F79EFBC}") = "eWAY.Rapid", "eWAY.Rapid\eWAY.Rapid.csproj", "{BDE52D69-0B48-4B51-B10F-9BD2A6FAF530}"
EndProject
Project("{FAE04EC0-301F-11D3-BF4B-00C04F79EFBC}") = "eWAY.Rapid.Tests", "eWAY.Rapid.Tests\eWAY.Rapid.Tests.csproj", "{87090B09-0E7D-40F2-B4AA-842C6CA54B75}"
EndProject
Global
	GlobalSection(SolutionConfigurationPlatforms) = preSolution
		Debug|Any CPU = Debug|Any CPU
		Release|Any CPU = Release|Any CPU
	EndGlobalSection
	GlobalSection(ProjectConfigurationPlatforms) = postSolution
		{BDE52D69-0B48-4B51-B10F-9BD2A6FAF530}.Debug|Any CPU.ActiveCfg = Debug|Any CPU
		{BDE52D69-0B48-4B51-B10F-9BD2A6FAF530}.Debug|Any CPU.Build.0 = Debug|Any CPU
		{BDE52D69-0B48-4B51-B10F-9BD2A6FAF530}.Release|Any CPU.ActiveCfg = Release|Any CPU
		{BDE52D69-0B48-4B51-B10F-9BD2A6FAF530}.Release|Any CPU.Build.0 = Release|Any CPU
		{87090B09-0E7D-40F2-B4AA-842C6CA54B75}.Debug|Any CPU.ActiveCfg = Debug|Any CPU
		{87090B09-0E7D-40F2-B4AA-842C6CA54B75}.Debug|Any CPU.Build.0 = Debug|Any CPU
		{87090B09-0E7D-40F2-B4AA-842C6CA54B75}.Release|Any CPU.ActiveCfg = Release|Any CPU
		{87090B09-0E7D-40F2-B4AA-842C6CA54B75}.Release|Any CPU.Build.0 = Release|Any CPU
	EndGlobalSection
	GlobalSection(SolutionProperties) = preSolution
		HideSolutionNode = FALSE
	EndGlobalSection
	GlobalSection(ExtensibilityGlobals) = postSolution
		SolutionGuid = {0F04AEC8-F810-42BE-8918-B9E17D57242C}
	EndGlobalSection
EndGlobal
